
Microsoft Visual Studio Solution File, Format Version 12.00
# Visual Studio Version 17
VisualStudioVersion = 17.6.33815.320
MinimumVisualStudioVersion = 10.0.40219.1
Project("{FAE04EC0-301F-11D3-BF4B-00C04F79EFBC}") = "calculator", "calculator\calculator.csproj", "{CD71DA59-C134-447B-9095-BFBDC118A742}"
EndProject
Global
	GlobalSection(SolutionConfigurationPlatforms) = preSolution
		Debug|Any CPU = Debug|Any CPU
		Release|Any CPU = Release|Any CPU
	EndGlobalSection
	GlobalSection(ProjectConfigurationPlatforms) = postSolution
		{CD71DA59-C134-447B-9095-BFBDC118A742}.Debug|Any CPU.ActiveCfg = Debug|Any CPU
		{CD71DA59-C134-447B-9095-BFBDC118A742}.Debug|Any CPU.Build.0 = Debug|Any CPU
		{CD71DA59-C134-447B-9095-BFBDC118A742}.Release|Any CPU.ActiveCfg = Release|Any CPU
		{CD71DA59-C134-447B-9095-BFBDC118A742}.Release|Any CPU.Build.0 = Release|Any CPU
	EndGlobalSection
	GlobalSection(SolutionProperties) = preSolution
		HideSolutionNode = FALSE
	EndGlobalSection
	GlobalSection(ExtensibilityGlobals) = postSolution
		SolutionGuid = {54A5AFA5-5A07-4F65-B486-4891EB9C5A52}
	EndGlobalSection
EndGlobal
